
Microsoft Visual Studio Solution File, Format Version 12.00
# Visual Studio 15
VisualStudioVersion = 15.0.28307.102
MinimumVisualStudioVersion = 10.0.40219.1
Project("{FAE04EC0-301F-11D3-BF4B-00C04F79EFBC}") = "BuilderPattern", "TestDesignPattern\BuilderPattern.csproj", "{BF90EA90-65A4-443B-BF9E-8AFF96F0652E}"
EndProject
Project("{FAE04EC0-301F-11D3-BF4B-00C04F79EFBC}") = "AdapterPattern", "AdapterPattern\AdapterPattern.csproj", "{297690CE-DEB7-4175-A91C-166E3AC97DD8}"
EndProject
Project("{FAE04EC0-301F-11D3-BF4B-00C04F79EFBC}") = "CommandPattern", "CommandPattern\CommandPattern.csproj", "{BE54AE51-0155-475D-8D6F-B04F10CA975F}"
EndProject
Global
	GlobalSection(SolutionConfigurationPlatforms) = preSolution
		Debug|Any CPU = Debug|Any CPU
		Release|Any CPU = Release|Any CPU
	EndGlobalSection
	GlobalSection(ProjectConfigurationPlatforms) = postSolution
		{BF90EA90-65A4-443B-BF9E-8AFF96F0652E}.Debug|Any CPU.ActiveCfg = Debug|Any CPU
		{BF90EA90-65A4-443B-BF9E-8AFF96F0652E}.Debug|Any CPU.Build.0 = Debug|Any CPU
		{BF90EA90-65A4-443B-BF9E-8AFF96F0652E}.Release|Any CPU.ActiveCfg = Release|Any CPU
		{BF90EA90-65A4-443B-BF9E-8AFF96F0652E}.Release|Any CPU.Build.0 = Release|Any CPU
		{297690CE-DEB7-4175-A91C-166E3AC97DD8}.Debug|Any CPU.ActiveCfg = Debug|Any CPU
		{297690CE-DEB7-4175-A91C-166E3AC97DD8}.Debug|Any CPU.Build.0 = Debug|Any CPU
		{297690CE-DEB7-4175-A91C-166E3AC97DD8}.Release|Any CPU.ActiveCfg = Release|Any CPU
		{297690CE-DEB7-4175-A91C-166E3AC97DD8}.Release|Any CPU.Build.0 = Release|Any CPU
		{BE54AE51-0155-475D-8D6F-B04F10CA975F}.Debug|Any CPU.ActiveCfg = Debug|Any CPU
		{BE54AE51-0155-475D-8D6F-B04F10CA975F}.Debug|Any CPU.Build.0 = Debug|Any CPU
		{BE54AE51-0155-475D-8D6F-B04F10CA975F}.Release|Any CPU.ActiveCfg = Release|Any CPU
		{BE54AE51-0155-475D-8D6F-B04F10CA975F}.Release|Any CPU.Build.0 = Release|Any CPU
	EndGlobalSection
	GlobalSection(SolutionProperties) = preSolution
		HideSolutionNode = FALSE
	EndGlobalSection
	GlobalSection(ExtensibilityGlobals) = postSolution
		SolutionGuid = {2939AEC3-EAE2-4C15-9E37-1F8B55C8D516}
	EndGlobalSection
EndGlobal
